
Microsoft Visual Studio Solution File, Format Version 12.00
# Visual Studio 14
VisualStudioVersion = 14.0.23107.0
MinimumVisualStudioVersion = 10.0.40219.1
Project("{2150E333-8FDC-42A3-9474-1A3956D46DE8}") = "src", "src", "{8D24BBB2-5220-4522-8E87-9A455C886175}"
EndProject
Project("{FAE04EC0-301F-11D3-BF4B-00C04F79EFBC}") = "PartsUnlimitedWebsite", "src\PartsUnlimitedWebsite\PartsUnlimitedWebsite.csproj", "{68411661-4B0C-444A-BC13-2182FBB116B9}"
EndProject
Project("{151D2E53-A2C4-4D7D-83FE-D05416EBD58E}") = "PartsUnlimitedEnv", "env\PartsUnlimitedEnv\PartsUnlimitedEnv.deployproj", "{43E031D4-0F62-4ADF-97E5-597B380FD757}"
EndProject
Project("{2150E333-8FDC-42A3-9474-1A3956D46DE8}") = "test", "test", "{4727EDFE-71BB-4FE2-ACE0-9A38EA09EB75}"
EndProject
Project("{FAE04EC0-301F-11D3-BF4B-00C04F79EFBC}") = "PartsUnlimited.Website.UnitTests", "test\PartsUnlimited.Website.UnitTests\PartsUnlimited.Website.UnitTests.csproj", "{9D029788-74F8-4F8C-927F-A8BF1600BF8D}"
EndProject
Project("{FAE04EC0-301F-11D3-BF4B-00C04F79EFBC}") = "PartsUnlimited.Website.IntegrationTests", "test\PartsUnlimited.Website.IntegrationTests\PartsUnlimited.Website.IntegrationTests.csproj", "{5BA5E166-5F46-4A48-8D95-DBBF1D25BF76}"
EndProject
Global
	GlobalSection(SolutionConfigurationPlatforms) = preSolution
		Debug|Any CPU = Debug|Any CPU
		IntegrationTests|Any CPU = IntegrationTests|Any CPU
		Release|Any CPU = Release|Any CPU
	EndGlobalSection
	GlobalSection(ProjectConfigurationPlatforms) = postSolution
		{68411661-4B0C-444A-BC13-2182FBB116B9}.Debug|Any CPU.ActiveCfg = Debug|Any CPU
		{68411661-4B0C-444A-BC13-2182FBB116B9}.Debug|Any CPU.Build.0 = Debug|Any CPU
		{68411661-4B0C-444A-BC13-2182FBB116B9}.IntegrationTests|Any CPU.ActiveCfg = Debug|Any CPU
		{68411661-4B0C-444A-BC13-2182FBB116B9}.Release|Any CPU.ActiveCfg = Release|Any CPU
		{68411661-4B0C-444A-BC13-2182FBB116B9}.Release|Any CPU.Build.0 = Release|Any CPU
		{43E031D4-0F62-4ADF-97E5-597B380FD757}.Debug|Any CPU.ActiveCfg = Debug|Any CPU
		{43E031D4-0F62-4ADF-97E5-597B380FD757}.Debug|Any CPU.Build.0 = Debug|Any CPU
		{43E031D4-0F62-4ADF-97E5-597B380FD757}.IntegrationTests|Any CPU.ActiveCfg = Debug|Any CPU
		{43E031D4-0F62-4ADF-97E5-597B380FD757}.Release|Any CPU.ActiveCfg = Release|Any CPU
		{43E031D4-0F62-4ADF-97E5-597B380FD757}.Release|Any CPU.Build.0 = Release|Any CPU
		{9D029788-74F8-4F8C-927F-A8BF1600BF8D}.Debug|Any CPU.ActiveCfg = Debug|Any CPU
		{9D029788-74F8-4F8C-927F-A8BF1600BF8D}.Debug|Any CPU.Build.0 = Debug|Any CPU
		{9D029788-74F8-4F8C-927F-A8BF1600BF8D}.IntegrationTests|Any CPU.ActiveCfg = Debug|Any CPU
		{9D029788-74F8-4F8C-927F-A8BF1600BF8D}.Release|Any CPU.ActiveCfg = Release|Any CPU
		{9D029788-74F8-4F8C-927F-A8BF1600BF8D}.Release|Any CPU.Build.0 = Release|Any CPU
		{5BA5E166-5F46-4A48-8D95-DBBF1D25BF76}.Debug|Any CPU.ActiveCfg = Debug|Any CPU
		{5BA5E166-5F46-4A48-8D95-DBBF1D25BF76}.Debug|Any CPU.Build.0 = Debug|Any CPU
		{5BA5E166-5F46-4A48-8D95-DBBF1D25BF76}.IntegrationTests|Any CPU.ActiveCfg = IntegrationTests|Any CPU
		{5BA5E166-5F46-4A48-8D95-DBBF1D25BF76}.IntegrationTests|Any CPU.Build.0 = IntegrationTests|Any CPU
		{5BA5E166-5F46-4A48-8D95-DBBF1D25BF76}.Release|Any CPU.ActiveCfg = Release|Any CPU
		{5BA5E166-5F46-4A48-8D95-DBBF1D25BF76}.Release|Any CPU.Build.0 = Release|Any CPU
	EndGlobalSection
	GlobalSection(SolutionProperties) = preSolution
		HideSolutionNode = FALSE
	EndGlobalSection
	GlobalSection(NestedProjects) = preSolution
		{68411661-4B0C-444A-BC13-2182FBB116B9} = {8D24BBB2-5220-4522-8E87-9A455C886175}
		{9D029788-74F8-4F8C-927F-A8BF1600BF8D} = {4727EDFE-71BB-4FE2-ACE0-9A38EA09EB75}
		{5BA5E166-5F46-4A48-8D95-DBBF1D25BF76} = {4727EDFE-71BB-4FE2-ACE0-9A38EA09EB75}
	EndGlobalSection
EndGlobal
